
Microsoft Visual Studio Solution File, Format Version 12.00
# Visual Studio Version 17
VisualStudioVersion = 17.11.35327.3
MinimumVisualStudioVersion = 10.0.40219.1
Project("{FAE04EC0-301F-11D3-BF4B-00C04F79EFBC}") = "ICA6-GDIDrawer_cont", "ICA6-GDIDrawer_cont\ICA6-GDIDrawer_cont.csproj", "{B3750FCE-042A-4971-9699-C9FFB4862A47}"
EndProject
Global
	GlobalSection(SolutionConfigurationPlatforms) = preSolution
		Debug|Any CPU = Debug|Any CPU
		Release|Any CPU = Release|Any CPU
	EndGlobalSection
	GlobalSection(ProjectConfigurationPlatforms) = postSolution
		{B3750FCE-042A-4971-9699-C9FFB4862A47}.Debug|Any CPU.ActiveCfg = Debug|Any CPU
		{B3750FCE-042A-4971-9699-C9FFB4862A47}.Debug|Any CPU.Build.0 = Debug|Any CPU
		{B3750FCE-042A-4971-9699-C9FFB4862A47}.Release|Any CPU.ActiveCfg = Release|Any CPU
		{B3750FCE-042A-4971-9699-C9FFB4862A47}.Release|Any CPU.Build.0 = Release|Any CPU
	EndGlobalSection
	GlobalSection(SolutionProperties) = preSolution
		HideSolutionNode = FALSE
	EndGlobalSection
	GlobalSection(ExtensibilityGlobals) = postSolution
		SolutionGuid = {7137F437-3087-475A-B557-1C8FE3E1DFC5}
	EndGlobalSection
EndGlobal
