
Microsoft Visual Studio Solution File, Format Version 12.00
# Visual Studio Version 17
VisualStudioVersion = 17.14.36327.8 d17.14
MinimumVisualStudioVersion = 10.0.40219.1
Project("{FAE04EC0-301F-11D3-BF4B-00C04F79EFBC}") = "ICA01-Linear_Search", "ICA01-Linear_Search\ICA01-Linear_Search.csproj", "{EA9FA7C8-D9F5-4A42-8846-73D3FF78E39B}"
EndProject
Global
	GlobalSection(SolutionConfigurationPlatforms) = preSolution
		Debug|Any CPU = Debug|Any CPU
		Release|Any CPU = Release|Any CPU
	EndGlobalSection
	GlobalSection(ProjectConfigurationPlatforms) = postSolution
		{EA9FA7C8-D9F5-4A42-8846-73D3FF78E39B}.Debug|Any CPU.ActiveCfg = Debug|Any CPU
		{EA9FA7C8-D9F5-4A42-8846-73D3FF78E39B}.Debug|Any CPU.Build.0 = Debug|Any CPU
		{EA9FA7C8-D9F5-4A42-8846-73D3FF78E39B}.Release|Any CPU.ActiveCfg = Release|Any CPU
		{EA9FA7C8-D9F5-4A42-8846-73D3FF78E39B}.Release|Any CPU.Build.0 = Release|Any CPU
	EndGlobalSection
	GlobalSection(SolutionProperties) = preSolution
		HideSolutionNode = FALSE
	EndGlobalSection
	GlobalSection(ExtensibilityGlobals) = postSolution
		SolutionGuid = {5ECC848D-2375-4BD3-823D-A30158751F7B}
	EndGlobalSection
EndGlobal
