
Microsoft Visual Studio Solution File, Format Version 12.00
# Visual Studio Version 17
VisualStudioVersion = 17.6.33829.357
MinimumVisualStudioVersion = 10.0.40219.1
Project("{FAE04EC0-301F-11D3-BF4B-00C04F79EFBC}") = "DemoEnums", "DemoEnums\DemoEnums.csproj", "{D9559C60-71FB-4F0C-A248-98E477CC49FD}"
EndProject
Global
	GlobalSection(SolutionConfigurationPlatforms) = preSolution
		Debug|Any CPU = Debug|Any CPU
		Release|Any CPU = Release|Any CPU
	EndGlobalSection
	GlobalSection(ProjectConfigurationPlatforms) = postSolution
		{D9559C60-71FB-4F0C-A248-98E477CC49FD}.Debug|Any CPU.ActiveCfg = Debug|Any CPU
		{D9559C60-71FB-4F0C-A248-98E477CC49FD}.Debug|Any CPU.Build.0 = Debug|Any CPU
		{D9559C60-71FB-4F0C-A248-98E477CC49FD}.Release|Any CPU.ActiveCfg = Release|Any CPU
		{D9559C60-71FB-4F0C-A248-98E477CC49FD}.Release|Any CPU.Build.0 = Release|Any CPU
	EndGlobalSection
	GlobalSection(SolutionProperties) = preSolution
		HideSolutionNode = FALSE
	EndGlobalSection
	GlobalSection(ExtensibilityGlobals) = postSolution
		SolutionGuid = {10F819A4-EE1D-4E85-B2D3-7E8304E75465}
	EndGlobalSection
EndGlobal
