
Microsoft Visual Studio Solution File, Format Version 12.00
# Visual Studio Version 17
VisualStudioVersion = 17.11.35312.102
MinimumVisualStudioVersion = 10.0.40219.1
Project("{FAE04EC0-301F-11D3-BF4B-00C04F79EFBC}") = "ICA5-GDI_Drawer", "ICA5-GDI_Drawer\ICA5-GDI_Drawer.csproj", "{4828E313-DA96-4403-969D-84A5BBFCA9D2}"
EndProject
Global
	GlobalSection(SolutionConfigurationPlatforms) = preSolution
		Debug|Any CPU = Debug|Any CPU
		Release|Any CPU = Release|Any CPU
	EndGlobalSection
	GlobalSection(ProjectConfigurationPlatforms) = postSolution
		{4828E313-DA96-4403-969D-84A5BBFCA9D2}.Debug|Any CPU.ActiveCfg = Debug|Any CPU
		{4828E313-DA96-4403-969D-84A5BBFCA9D2}.Debug|Any CPU.Build.0 = Debug|Any CPU
		{4828E313-DA96-4403-969D-84A5BBFCA9D2}.Release|Any CPU.ActiveCfg = Release|Any CPU
		{4828E313-DA96-4403-969D-84A5BBFCA9D2}.Release|Any CPU.Build.0 = Release|Any CPU
	EndGlobalSection
	GlobalSection(SolutionProperties) = preSolution
		HideSolutionNode = FALSE
	EndGlobalSection
	GlobalSection(ExtensibilityGlobals) = postSolution
		SolutionGuid = {2B2E26D8-E381-45DC-B926-7076175785D1}
	EndGlobalSection
EndGlobal
