
Microsoft Visual Studio Solution File, Format Version 12.00
# Visual Studio Version 17
VisualStudioVersion = 17.11.35327.3
MinimumVisualStudioVersion = 10.0.40219.1
Project("{FAE04EC0-301F-11D3-BF4B-00C04F79EFBC}") = "Lab2", "Lab2\Lab2.csproj", "{E4293D20-9B13-43A1-BE53-3EC142EAC3F4}"
EndProject
Global
	GlobalSection(SolutionConfigurationPlatforms) = preSolution
		Debug|Any CPU = Debug|Any CPU
		Release|Any CPU = Release|Any CPU
	EndGlobalSection
	GlobalSection(ProjectConfigurationPlatforms) = postSolution
		{E4293D20-9B13-43A1-BE53-3EC142EAC3F4}.Debug|Any CPU.ActiveCfg = Debug|Any CPU
		{E4293D20-9B13-43A1-BE53-3EC142EAC3F4}.Debug|Any CPU.Build.0 = Debug|Any CPU
		{E4293D20-9B13-43A1-BE53-3EC142EAC3F4}.Release|Any CPU.ActiveCfg = Release|Any CPU
		{E4293D20-9B13-43A1-BE53-3EC142EAC3F4}.Release|Any CPU.Build.0 = Release|Any CPU
	EndGlobalSection
	GlobalSection(SolutionProperties) = preSolution
		HideSolutionNode = FALSE
	EndGlobalSection
	GlobalSection(ExtensibilityGlobals) = postSolution
		SolutionGuid = {40AF1CBD-A039-436F-A246-1AE546D5018B}
	EndGlobalSection
EndGlobal
